
Microsoft Visual Studio Solution File, Format Version 12.00
# Visual Studio 2017
Project("{FAE04EC0-301F-11D3-BF4B-00C04F79EFBC}") = "Sheer Spark", "Sheer Spark.csproj", "{99C020C7-C006-FD73-683A-033C0BC58183}"
EndProject
Project("{FAE04EC0-301F-11D3-BF4B-00C04F79EFBC}") = "Sheer Spark.Plugins", "Sheer Spark.Plugins.csproj", "{5A3C8807-509E-4692-5C45-A479DB122484}"
EndProject
Project("{FAE04EC0-301F-11D3-BF4B-00C04F79EFBC}") = "Sheer Spark.Editor", "Sheer Spark.Editor.csproj", "{80548CED-AF1B-4C5B-28DD-B459580ADB7A}"
EndProject
Project("{FAE04EC0-301F-11D3-BF4B-00C04F79EFBC}") = "Sheer Spark.Editor.Plugins", "Sheer Spark.Editor.Plugins.csproj", "{80D0010D-0C9E-BD59-2EC7-8324137477F0}"
EndProject
Global
	GlobalSection(SolutionConfigurationPlatforms) = preSolution
		Debug|Any CPU = Debug|Any CPU
		Release|Any CPU = Release|Any CPU
	EndGlobalSection
	GlobalSection(ProjectConfigurationPlatforms) = postSolution
		{99C020C7-C006-FD73-683A-033C0BC58183}.Debug|Any CPU.ActiveCfg = Debug|Any CPU
		{99C020C7-C006-FD73-683A-033C0BC58183}.Debug|Any CPU.Build.0 = Debug|Any CPU
		{99C020C7-C006-FD73-683A-033C0BC58183}.Release|Any CPU.ActiveCfg = Release|Any CPU
		{99C020C7-C006-FD73-683A-033C0BC58183}.Release|Any CPU.Build.0 = Release|Any CPU
		{5A3C8807-509E-4692-5C45-A479DB122484}.Debug|Any CPU.ActiveCfg = Debug|Any CPU
		{5A3C8807-509E-4692-5C45-A479DB122484}.Debug|Any CPU.Build.0 = Debug|Any CPU
		{5A3C8807-509E-4692-5C45-A479DB122484}.Release|Any CPU.ActiveCfg = Release|Any CPU
		{5A3C8807-509E-4692-5C45-A479DB122484}.Release|Any CPU.Build.0 = Release|Any CPU
		{80548CED-AF1B-4C5B-28DD-B459580ADB7A}.Debug|Any CPU.ActiveCfg = Debug|Any CPU
		{80548CED-AF1B-4C5B-28DD-B459580ADB7A}.Debug|Any CPU.Build.0 = Debug|Any CPU
		{80548CED-AF1B-4C5B-28DD-B459580ADB7A}.Release|Any CPU.ActiveCfg = Release|Any CPU
		{80548CED-AF1B-4C5B-28DD-B459580ADB7A}.Release|Any CPU.Build.0 = Release|Any CPU
		{80D0010D-0C9E-BD59-2EC7-8324137477F0}.Debug|Any CPU.ActiveCfg = Debug|Any CPU
		{80D0010D-0C9E-BD59-2EC7-8324137477F0}.Debug|Any CPU.Build.0 = Debug|Any CPU
		{80D0010D-0C9E-BD59-2EC7-8324137477F0}.Release|Any CPU.ActiveCfg = Release|Any CPU
		{80D0010D-0C9E-BD59-2EC7-8324137477F0}.Release|Any CPU.Build.0 = Release|Any CPU
	EndGlobalSection
	GlobalSection(SolutionProperties) = preSolution
		HideSolutionNode = FALSE
	EndGlobalSection
EndGlobal
