
Microsoft Visual Studio Solution File, Format Version 11.00
# Visual Studio 2010
Project("{FAE04EC0-301F-11D3-BF4B-00C04F79EFBC}") = "Sheer Spark", "Assembly-CSharp.csproj", "{C0DC97F2-CBE0-C5BF-AA7B-8F15255262E3}"
EndProject
Project("{FAE04EC0-301F-11D3-BF4B-00C04F79EFBC}") = "Sheer Spark", "Assembly-CSharp-firstpass.csproj", "{2F5A5861-994F-1942-F37F-BA41C64CDDE5}"
EndProject
Project("{FAE04EC0-301F-11D3-BF4B-00C04F79EFBC}") = "Sheer Spark", "Assembly-CSharp-Editor.csproj", "{DD5672FC-8E55-CF0E-88B1-EB8339E3B0AE}"
EndProject
Project("{FAE04EC0-301F-11D3-BF4B-00C04F79EFBC}") = "Sheer Spark", "Assembly-CSharp-Editor-firstpass.csproj", "{9A917828-82A9-4988-9F7D-C8299C06E9C1}"
EndProject
Global
	GlobalSection(SolutionConfigurationPlatforms) = preSolution
		Debug|Any CPU = Debug|Any CPU
		Release|Any CPU = Release|Any CPU
	EndGlobalSection
	GlobalSection(ProjectConfigurationPlatforms) = postSolution
		{C0DC97F2-CBE0-C5BF-AA7B-8F15255262E3}.Debug|Any CPU.ActiveCfg = Debug|Any CPU
		{C0DC97F2-CBE0-C5BF-AA7B-8F15255262E3}.Debug|Any CPU.Build.0 = Debug|Any CPU
		{C0DC97F2-CBE0-C5BF-AA7B-8F15255262E3}.Release|Any CPU.ActiveCfg = Release|Any CPU
		{C0DC97F2-CBE0-C5BF-AA7B-8F15255262E3}.Release|Any CPU.Build.0 = Release|Any CPU
		{2F5A5861-994F-1942-F37F-BA41C64CDDE5}.Debug|Any CPU.ActiveCfg = Debug|Any CPU
		{2F5A5861-994F-1942-F37F-BA41C64CDDE5}.Debug|Any CPU.Build.0 = Debug|Any CPU
		{2F5A5861-994F-1942-F37F-BA41C64CDDE5}.Release|Any CPU.ActiveCfg = Release|Any CPU
		{2F5A5861-994F-1942-F37F-BA41C64CDDE5}.Release|Any CPU.Build.0 = Release|Any CPU
		{DD5672FC-8E55-CF0E-88B1-EB8339E3B0AE}.Debug|Any CPU.ActiveCfg = Debug|Any CPU
		{DD5672FC-8E55-CF0E-88B1-EB8339E3B0AE}.Debug|Any CPU.Build.0 = Debug|Any CPU
		{DD5672FC-8E55-CF0E-88B1-EB8339E3B0AE}.Release|Any CPU.ActiveCfg = Release|Any CPU
		{DD5672FC-8E55-CF0E-88B1-EB8339E3B0AE}.Release|Any CPU.Build.0 = Release|Any CPU
		{9A917828-82A9-4988-9F7D-C8299C06E9C1}.Debug|Any CPU.ActiveCfg = Debug|Any CPU
		{9A917828-82A9-4988-9F7D-C8299C06E9C1}.Debug|Any CPU.Build.0 = Debug|Any CPU
		{9A917828-82A9-4988-9F7D-C8299C06E9C1}.Release|Any CPU.ActiveCfg = Release|Any CPU
		{9A917828-82A9-4988-9F7D-C8299C06E9C1}.Release|Any CPU.Build.0 = Release|Any CPU
	EndGlobalSection
	GlobalSection(SolutionProperties) = preSolution
		HideSolutionNode = FALSE
	EndGlobalSection
	GlobalSection(MonoDevelopProperties) = preSolution
		StartupItem = Assembly-CSharp.csproj
	EndGlobalSection
EndGlobal
