
Microsoft Visual Studio Solution File, Format Version 11.00
# Visual Studio 2010
Project("{FAE04EC0-301F-11D3-BF4B-00C04F79EFBC}") = "Sheer-Spark", "Assembly-CSharp.csproj", "{48E560BD-64AE-37CC-4486-7F7B0112FB42}"
EndProject
Project("{FAE04EC0-301F-11D3-BF4B-00C04F79EFBC}") = "Sheer-Spark", "Assembly-CSharp-firstpass.csproj", "{4823F866-D107-5D3C-934D-DADCF82254FD}"
EndProject
Project("{FAE04EC0-301F-11D3-BF4B-00C04F79EFBC}") = "Sheer-Spark", "Assembly-CSharp-Editor.csproj", "{0A255D87-E080-DD9B-77A1-D9DD7D6D37A3}"
EndProject
Project("{FAE04EC0-301F-11D3-BF4B-00C04F79EFBC}") = "Sheer-Spark", "Assembly-CSharp-Editor-firstpass.csproj", "{051A0A69-E779-CBC6-33BC-C7AD989F68E9}"
EndProject
Global
	GlobalSection(SolutionConfigurationPlatforms) = preSolution
		Debug|Any CPU = Debug|Any CPU
		Release|Any CPU = Release|Any CPU
	EndGlobalSection
	GlobalSection(ProjectConfigurationPlatforms) = postSolution
		{48E560BD-64AE-37CC-4486-7F7B0112FB42}.Debug|Any CPU.ActiveCfg = Debug|Any CPU
		{48E560BD-64AE-37CC-4486-7F7B0112FB42}.Debug|Any CPU.Build.0 = Debug|Any CPU
		{48E560BD-64AE-37CC-4486-7F7B0112FB42}.Release|Any CPU.ActiveCfg = Release|Any CPU
		{48E560BD-64AE-37CC-4486-7F7B0112FB42}.Release|Any CPU.Build.0 = Release|Any CPU
		{4823F866-D107-5D3C-934D-DADCF82254FD}.Debug|Any CPU.ActiveCfg = Debug|Any CPU
		{4823F866-D107-5D3C-934D-DADCF82254FD}.Debug|Any CPU.Build.0 = Debug|Any CPU
		{4823F866-D107-5D3C-934D-DADCF82254FD}.Release|Any CPU.ActiveCfg = Release|Any CPU
		{4823F866-D107-5D3C-934D-DADCF82254FD}.Release|Any CPU.Build.0 = Release|Any CPU
		{0A255D87-E080-DD9B-77A1-D9DD7D6D37A3}.Debug|Any CPU.ActiveCfg = Debug|Any CPU
		{0A255D87-E080-DD9B-77A1-D9DD7D6D37A3}.Debug|Any CPU.Build.0 = Debug|Any CPU
		{0A255D87-E080-DD9B-77A1-D9DD7D6D37A3}.Release|Any CPU.ActiveCfg = Release|Any CPU
		{0A255D87-E080-DD9B-77A1-D9DD7D6D37A3}.Release|Any CPU.Build.0 = Release|Any CPU
		{051A0A69-E779-CBC6-33BC-C7AD989F68E9}.Debug|Any CPU.ActiveCfg = Debug|Any CPU
		{051A0A69-E779-CBC6-33BC-C7AD989F68E9}.Debug|Any CPU.Build.0 = Debug|Any CPU
		{051A0A69-E779-CBC6-33BC-C7AD989F68E9}.Release|Any CPU.ActiveCfg = Release|Any CPU
		{051A0A69-E779-CBC6-33BC-C7AD989F68E9}.Release|Any CPU.Build.0 = Release|Any CPU
	EndGlobalSection
	GlobalSection(SolutionProperties) = preSolution
		HideSolutionNode = FALSE
	EndGlobalSection
	GlobalSection(MonoDevelopProperties) = preSolution
		StartupItem = Assembly-CSharp.csproj
	EndGlobalSection
EndGlobal
